
Microsoft Visual Studio Solution File, Format Version 12.00
# Visual Studio Version 17
VisualStudioVersion = 17.5.002.0
MinimumVisualStudioVersion = 10.0.40219.1
Project("{2150E333-8FDC-42A3-9474-1A3956D46DE8}") = "Ejercicio6", "Ejercicio6", "{1F570669-9A9A-4E0E-A561-AB4445518BC0}"
EndProject
Project("{9A19103F-16F7-4668-BE54-9A1E7A4F7556}") = "añoBisiesto", "Ejercicio6\añoBisiesto\añoBisiesto.csproj", "{F2BA8A6D-A0F7-4113-9614-0B141701F001}"
EndProject
Project("{9A19103F-16F7-4668-BE54-9A1E7A4F7556}") = "empresaElectrica", "Ejercicio6\empresaElectrica\empresaElectrica.csproj", "{08E354DE-49C0-40FE-9C53-8213F18821DA}"
EndProject
Project("{9A19103F-16F7-4668-BE54-9A1E7A4F7556}") = "listsNum", "Ejercicio6\listsNum\listsNum.csproj", "{E967B404-2D9D-4657-93FB-0D7A91754B68}"
EndProject
Project("{9A19103F-16F7-4668-BE54-9A1E7A4F7556}") = "mayorIngreso", "Ejercicio6\mayorIngreso\mayorIngreso.csproj", "{9CCE4517-5180-40BA-95DE-09E2D16ACBBD}"
EndProject
Project("{9A19103F-16F7-4668-BE54-9A1E7A4F7556}") = "positivoLista", "Ejercicio6\positivoLista\positivoLista.csproj", "{4AD47577-A15F-461A-8834-7BA3B290629E}"
EndProject
Project("{2150E333-8FDC-42A3-9474-1A3956D46DE8}") = "ejercicios1", "ejercicios1", "{363C7BB4-6E61-49D4-A034-7AA261E2E633}"
EndProject
Project("{9A19103F-16F7-4668-BE54-9A1E7A4F7556}") = "practica", "ejercicios1\practica\practica.csproj", "{D5F7E8BB-9E70-46AB-9BF8-62DC408AE3A8}"
EndProject
Project("{2150E333-8FDC-42A3-9474-1A3956D46DE8}") = "ejercicios2", "ejercicios2", "{F67A054B-963D-432F-97AC-7F21C4C10873}"
EndProject
Project("{9A19103F-16F7-4668-BE54-9A1E7A4F7556}") = "ComisionEmpleado", "ejercicios2\ComisionEmpleado\ComisionEmpleado.csproj", "{D4FE7133-958A-481D-B93F-D084C557949F}"
EndProject
Project("{9A19103F-16F7-4668-BE54-9A1E7A4F7556}") = "elvadoalcuadrado", "ejercicios2\elcubodeunnumero\elvadoalcuadrado.csproj", "{7DF9F6BA-B673-4E84-A6A7-11F2EB228A27}"
EndProject
Project("{9A19103F-16F7-4668-BE54-9A1E7A4F7556}") = "NotasPromedio", "ejercicios2\NotasPromedio\NotasPromedio.csproj", "{B4ECB5FE-320D-4C21-8C90-1DA5EAD73419}"
EndProject
Project("{9A19103F-16F7-4668-BE54-9A1E7A4F7556}") = "calculadora", "ejercicios2\suma\calculadora.csproj", "{FED8F30D-AD2F-478F-983F-FF69278B31FB}"
EndProject
Project("{9A19103F-16F7-4668-BE54-9A1E7A4F7556}") = "TiempodeViaje", "ejercicios2\TiempodeViaje\TiempodeViaje.csproj", "{83A49084-D281-4FFC-98D5-F1923EE68A6D}"
EndProject
Project("{2150E333-8FDC-42A3-9474-1A3956D46DE8}") = "Ejercicios3", "Ejercicios3", "{6546B125-E64A-4BA9-BF55-57B714637F95}"
EndProject
Project("{9A19103F-16F7-4668-BE54-9A1E7A4F7556}") = "mayorMenora10", "Ejercicios3\mayorMenora10\mayorMenora10.csproj", "{F703531A-6766-44B1-B0B4-52C3A8F39BF1}"
EndProject
Project("{9A19103F-16F7-4668-BE54-9A1E7A4F7556}") = "positivoNegativo", "Ejercicios3\positivoNegativo\positivoNegativo.csproj", "{28D80C0C-E059-4322-950A-50CA1DDCDBBA}"
EndProject
Project("{2150E333-8FDC-42A3-9474-1A3956D46DE8}") = "Ejercicios4", "Ejercicios4", "{9B156510-F1B4-4AAF-8EC7-3AE09F9AD6C5}"
EndProject
Project("{9A19103F-16F7-4668-BE54-9A1E7A4F7556}") = "descuentoPorcentaje", "Ejercicios4\descuentoPorcentaje\descuentoPorcentaje.csproj", "{5CF2982A-DC06-4300-B6EA-8D5D6F29E49C}"
EndProject
Project("{2150E333-8FDC-42A3-9474-1A3956D46DE8}") = "Ejercicios5", "Ejercicios5", "{426261D9-ED7E-42D3-B01F-6E4E05A4A368}"
EndProject
Project("{9A19103F-16F7-4668-BE54-9A1E7A4F7556}") = "bucleFor", "Ejercicios5\bucleFor\bucleFor.csproj", "{FED956FA-2A76-4F6F-BC97-50A8317A3EF2}"
EndProject
Project("{9A19103F-16F7-4668-BE54-9A1E7A4F7556}") = "esPrimo", "Ejercicios5\esPrimo\esPrimo.csproj", "{408C17CB-C46B-4293-AD30-238F9247CAE5}"
EndProject
Project("{9A19103F-16F7-4668-BE54-9A1E7A4F7556}") = "mayorMenor", "Ejercicios5\mayorMenor\mayorMenor.csproj", "{E6057D4C-F04D-44FA-863B-89F6AD5365B4}"
EndProject
Project("{9A19103F-16F7-4668-BE54-9A1E7A4F7556}") = "numMayor", "Ejercicios5\numMayor\numMayor.csproj", "{2248BE10-A31D-4457-A4D8-6AF60CD97008}"
EndProject
Project("{9A19103F-16F7-4668-BE54-9A1E7A4F7556}") = "promedioEdad", "Ejercicios5\promedioEdad\promedioEdad.csproj", "{37A645E7-AEED-4315-9A00-C5277441CA67}"
EndProject
Global
	GlobalSection(SolutionConfigurationPlatforms) = preSolution
		Debug|Any CPU = Debug|Any CPU
		Release|Any CPU = Release|Any CPU
	EndGlobalSection
	GlobalSection(ProjectConfigurationPlatforms) = postSolution
		{F2BA8A6D-A0F7-4113-9614-0B141701F001}.Debug|Any CPU.ActiveCfg = Debug|Any CPU
		{F2BA8A6D-A0F7-4113-9614-0B141701F001}.Debug|Any CPU.Build.0 = Debug|Any CPU
		{F2BA8A6D-A0F7-4113-9614-0B141701F001}.Release|Any CPU.ActiveCfg = Release|Any CPU
		{F2BA8A6D-A0F7-4113-9614-0B141701F001}.Release|Any CPU.Build.0 = Release|Any CPU
		{08E354DE-49C0-40FE-9C53-8213F18821DA}.Debug|Any CPU.ActiveCfg = Debug|Any CPU
		{08E354DE-49C0-40FE-9C53-8213F18821DA}.Debug|Any CPU.Build.0 = Debug|Any CPU
		{08E354DE-49C0-40FE-9C53-8213F18821DA}.Release|Any CPU.ActiveCfg = Release|Any CPU
		{08E354DE-49C0-40FE-9C53-8213F18821DA}.Release|Any CPU.Build.0 = Release|Any CPU
		{E967B404-2D9D-4657-93FB-0D7A91754B68}.Debug|Any CPU.ActiveCfg = Debug|Any CPU
		{E967B404-2D9D-4657-93FB-0D7A91754B68}.Debug|Any CPU.Build.0 = Debug|Any CPU
		{E967B404-2D9D-4657-93FB-0D7A91754B68}.Release|Any CPU.ActiveCfg = Release|Any CPU
		{E967B404-2D9D-4657-93FB-0D7A91754B68}.Release|Any CPU.Build.0 = Release|Any CPU
		{9CCE4517-5180-40BA-95DE-09E2D16ACBBD}.Debug|Any CPU.ActiveCfg = Debug|Any CPU
		{9CCE4517-5180-40BA-95DE-09E2D16ACBBD}.Debug|Any CPU.Build.0 = Debug|Any CPU
		{9CCE4517-5180-40BA-95DE-09E2D16ACBBD}.Release|Any CPU.ActiveCfg = Release|Any CPU
		{9CCE4517-5180-40BA-95DE-09E2D16ACBBD}.Release|Any CPU.Build.0 = Release|Any CPU
		{4AD47577-A15F-461A-8834-7BA3B290629E}.Debug|Any CPU.ActiveCfg = Debug|Any CPU
		{4AD47577-A15F-461A-8834-7BA3B290629E}.Debug|Any CPU.Build.0 = Debug|Any CPU
		{4AD47577-A15F-461A-8834-7BA3B290629E}.Release|Any CPU.ActiveCfg = Release|Any CPU
		{4AD47577-A15F-461A-8834-7BA3B290629E}.Release|Any CPU.Build.0 = Release|Any CPU
		{D5F7E8BB-9E70-46AB-9BF8-62DC408AE3A8}.Debug|Any CPU.ActiveCfg = Debug|Any CPU
		{D5F7E8BB-9E70-46AB-9BF8-62DC408AE3A8}.Debug|Any CPU.Build.0 = Debug|Any CPU
		{D5F7E8BB-9E70-46AB-9BF8-62DC408AE3A8}.Release|Any CPU.ActiveCfg = Release|Any CPU
		{D5F7E8BB-9E70-46AB-9BF8-62DC408AE3A8}.Release|Any CPU.Build.0 = Release|Any CPU
		{D4FE7133-958A-481D-B93F-D084C557949F}.Debug|Any CPU.ActiveCfg = Debug|Any CPU
		{D4FE7133-958A-481D-B93F-D084C557949F}.Debug|Any CPU.Build.0 = Debug|Any CPU
		{D4FE7133-958A-481D-B93F-D084C557949F}.Release|Any CPU.ActiveCfg = Release|Any CPU
		{D4FE7133-958A-481D-B93F-D084C557949F}.Release|Any CPU.Build.0 = Release|Any CPU
		{7DF9F6BA-B673-4E84-A6A7-11F2EB228A27}.Debug|Any CPU.ActiveCfg = Debug|Any CPU
		{7DF9F6BA-B673-4E84-A6A7-11F2EB228A27}.Debug|Any CPU.Build.0 = Debug|Any CPU
		{7DF9F6BA-B673-4E84-A6A7-11F2EB228A27}.Release|Any CPU.ActiveCfg = Release|Any CPU
		{7DF9F6BA-B673-4E84-A6A7-11F2EB228A27}.Release|Any CPU.Build.0 = Release|Any CPU
		{B4ECB5FE-320D-4C21-8C90-1DA5EAD73419}.Debug|Any CPU.ActiveCfg = Debug|Any CPU
		{B4ECB5FE-320D-4C21-8C90-1DA5EAD73419}.Debug|Any CPU.Build.0 = Debug|Any CPU
		{B4ECB5FE-320D-4C21-8C90-1DA5EAD73419}.Release|Any CPU.ActiveCfg = Release|Any CPU
		{B4ECB5FE-320D-4C21-8C90-1DA5EAD73419}.Release|Any CPU.Build.0 = Release|Any CPU
		{FED8F30D-AD2F-478F-983F-FF69278B31FB}.Debug|Any CPU.ActiveCfg = Debug|Any CPU
		{FED8F30D-AD2F-478F-983F-FF69278B31FB}.Debug|Any CPU.Build.0 = Debug|Any CPU
		{FED8F30D-AD2F-478F-983F-FF69278B31FB}.Release|Any CPU.ActiveCfg = Release|Any CPU
		{FED8F30D-AD2F-478F-983F-FF69278B31FB}.Release|Any CPU.Build.0 = Release|Any CPU
		{83A49084-D281-4FFC-98D5-F1923EE68A6D}.Debug|Any CPU.ActiveCfg = Debug|Any CPU
		{83A49084-D281-4FFC-98D5-F1923EE68A6D}.Debug|Any CPU.Build.0 = Debug|Any CPU
		{83A49084-D281-4FFC-98D5-F1923EE68A6D}.Release|Any CPU.ActiveCfg = Release|Any CPU
		{83A49084-D281-4FFC-98D5-F1923EE68A6D}.Release|Any CPU.Build.0 = Release|Any CPU
		{F703531A-6766-44B1-B0B4-52C3A8F39BF1}.Debug|Any CPU.ActiveCfg = Debug|Any CPU
		{F703531A-6766-44B1-B0B4-52C3A8F39BF1}.Debug|Any CPU.Build.0 = Debug|Any CPU
		{F703531A-6766-44B1-B0B4-52C3A8F39BF1}.Release|Any CPU.ActiveCfg = Release|Any CPU
		{F703531A-6766-44B1-B0B4-52C3A8F39BF1}.Release|Any CPU.Build.0 = Release|Any CPU
		{28D80C0C-E059-4322-950A-50CA1DDCDBBA}.Debug|Any CPU.ActiveCfg = Debug|Any CPU
		{28D80C0C-E059-4322-950A-50CA1DDCDBBA}.Debug|Any CPU.Build.0 = Debug|Any CPU
		{28D80C0C-E059-4322-950A-50CA1DDCDBBA}.Release|Any CPU.ActiveCfg = Release|Any CPU
		{28D80C0C-E059-4322-950A-50CA1DDCDBBA}.Release|Any CPU.Build.0 = Release|Any CPU
		{5CF2982A-DC06-4300-B6EA-8D5D6F29E49C}.Debug|Any CPU.ActiveCfg = Debug|Any CPU
		{5CF2982A-DC06-4300-B6EA-8D5D6F29E49C}.Debug|Any CPU.Build.0 = Debug|Any CPU
		{5CF2982A-DC06-4300-B6EA-8D5D6F29E49C}.Release|Any CPU.ActiveCfg = Release|Any CPU
		{5CF2982A-DC06-4300-B6EA-8D5D6F29E49C}.Release|Any CPU.Build.0 = Release|Any CPU
		{FED956FA-2A76-4F6F-BC97-50A8317A3EF2}.Debug|Any CPU.ActiveCfg = Debug|Any CPU
		{FED956FA-2A76-4F6F-BC97-50A8317A3EF2}.Debug|Any CPU.Build.0 = Debug|Any CPU
		{FED956FA-2A76-4F6F-BC97-50A8317A3EF2}.Release|Any CPU.ActiveCfg = Release|Any CPU
		{FED956FA-2A76-4F6F-BC97-50A8317A3EF2}.Release|Any CPU.Build.0 = Release|Any CPU
		{408C17CB-C46B-4293-AD30-238F9247CAE5}.Debug|Any CPU.ActiveCfg = Debug|Any CPU
		{408C17CB-C46B-4293-AD30-238F9247CAE5}.Debug|Any CPU.Build.0 = Debug|Any CPU
		{408C17CB-C46B-4293-AD30-238F9247CAE5}.Release|Any CPU.ActiveCfg = Release|Any CPU
		{408C17CB-C46B-4293-AD30-238F9247CAE5}.Release|Any CPU.Build.0 = Release|Any CPU
		{E6057D4C-F04D-44FA-863B-89F6AD5365B4}.Debug|Any CPU.ActiveCfg = Debug|Any CPU
		{E6057D4C-F04D-44FA-863B-89F6AD5365B4}.Debug|Any CPU.Build.0 = Debug|Any CPU
		{E6057D4C-F04D-44FA-863B-89F6AD5365B4}.Release|Any CPU.ActiveCfg = Release|Any CPU
		{E6057D4C-F04D-44FA-863B-89F6AD5365B4}.Release|Any CPU.Build.0 = Release|Any CPU
		{2248BE10-A31D-4457-A4D8-6AF60CD97008}.Debug|Any CPU.ActiveCfg = Debug|Any CPU
		{2248BE10-A31D-4457-A4D8-6AF60CD97008}.Debug|Any CPU.Build.0 = Debug|Any CPU
		{2248BE10-A31D-4457-A4D8-6AF60CD97008}.Release|Any CPU.ActiveCfg = Release|Any CPU
		{2248BE10-A31D-4457-A4D8-6AF60CD97008}.Release|Any CPU.Build.0 = Release|Any CPU
		{37A645E7-AEED-4315-9A00-C5277441CA67}.Debug|Any CPU.ActiveCfg = Debug|Any CPU
		{37A645E7-AEED-4315-9A00-C5277441CA67}.Debug|Any CPU.Build.0 = Debug|Any CPU
		{37A645E7-AEED-4315-9A00-C5277441CA67}.Release|Any CPU.ActiveCfg = Release|Any CPU
		{37A645E7-AEED-4315-9A00-C5277441CA67}.Release|Any CPU.Build.0 = Release|Any CPU
	EndGlobalSection
	GlobalSection(SolutionProperties) = preSolution
		HideSolutionNode = FALSE
	EndGlobalSection
	GlobalSection(NestedProjects) = preSolution
		{F2BA8A6D-A0F7-4113-9614-0B141701F001} = {1F570669-9A9A-4E0E-A561-AB4445518BC0}
		{08E354DE-49C0-40FE-9C53-8213F18821DA} = {1F570669-9A9A-4E0E-A561-AB4445518BC0}
		{E967B404-2D9D-4657-93FB-0D7A91754B68} = {1F570669-9A9A-4E0E-A561-AB4445518BC0}
		{9CCE4517-5180-40BA-95DE-09E2D16ACBBD} = {1F570669-9A9A-4E0E-A561-AB4445518BC0}
		{4AD47577-A15F-461A-8834-7BA3B290629E} = {1F570669-9A9A-4E0E-A561-AB4445518BC0}
		{D5F7E8BB-9E70-46AB-9BF8-62DC408AE3A8} = {363C7BB4-6E61-49D4-A034-7AA261E2E633}
		{D4FE7133-958A-481D-B93F-D084C557949F} = {F67A054B-963D-432F-97AC-7F21C4C10873}
		{7DF9F6BA-B673-4E84-A6A7-11F2EB228A27} = {F67A054B-963D-432F-97AC-7F21C4C10873}
		{B4ECB5FE-320D-4C21-8C90-1DA5EAD73419} = {F67A054B-963D-432F-97AC-7F21C4C10873}
		{FED8F30D-AD2F-478F-983F-FF69278B31FB} = {F67A054B-963D-432F-97AC-7F21C4C10873}
		{83A49084-D281-4FFC-98D5-F1923EE68A6D} = {F67A054B-963D-432F-97AC-7F21C4C10873}
		{F703531A-6766-44B1-B0B4-52C3A8F39BF1} = {6546B125-E64A-4BA9-BF55-57B714637F95}
		{28D80C0C-E059-4322-950A-50CA1DDCDBBA} = {6546B125-E64A-4BA9-BF55-57B714637F95}
		{5CF2982A-DC06-4300-B6EA-8D5D6F29E49C} = {9B156510-F1B4-4AAF-8EC7-3AE09F9AD6C5}
		{FED956FA-2A76-4F6F-BC97-50A8317A3EF2} = {426261D9-ED7E-42D3-B01F-6E4E05A4A368}
		{408C17CB-C46B-4293-AD30-238F9247CAE5} = {426261D9-ED7E-42D3-B01F-6E4E05A4A368}
		{E6057D4C-F04D-44FA-863B-89F6AD5365B4} = {426261D9-ED7E-42D3-B01F-6E4E05A4A368}
		{2248BE10-A31D-4457-A4D8-6AF60CD97008} = {426261D9-ED7E-42D3-B01F-6E4E05A4A368}
		{37A645E7-AEED-4315-9A00-C5277441CA67} = {426261D9-ED7E-42D3-B01F-6E4E05A4A368}
	EndGlobalSection
	GlobalSection(ExtensibilityGlobals) = postSolution
		SolutionGuid = {2296D797-5B8F-4EBF-9F94-F0DDD49D2125}
	EndGlobalSection
EndGlobal
